github.com/andrew-paterson/hugo-sundries v1.0.0/go.mod h1:II4VIEM/4zh+SAQcvKKNTEB0iSUwhGEU1sbG1yCX6Fc=
github.com/andrew-paterson/hugo-sundries v1.0.1/go.mod h1:II4VIEM/4zh+SAQcvKKNTEB0iSUwhGEU1sbG1yCX6Fc=
github.com/andrew-paterson/hugo-sundries v1.0.2/go.mod h1:II4VIEM/4zh+SAQcvKKNTEB0iSUwhGEU1sbG1yCX6Fc=
github.com/andrew-paterson/hugo-sundries v1.0.3/go.mod h1:II4VIEM/4zh+SAQcvKKNTEB0iSUwhGEU1sbG1yCX6Fc=
github.com/andrew-paterson/hugo-sundries v1.0.12/go.mod h1:II4VIEM/4zh+SAQcvKKNTEB0iSUwhGEU1sbG1yCX6Fc=
github.com/andrew-paterson/hugo-sundries v1.0.13/go.mod h1:II4VIEM/4zh+SAQcvKKNTEB0iSUwhGEU1sbG1yCX6Fc=
github.com/andrew-paterson/hugo-sundries v1.0.14/go.mod h1:II4VIEM/4zh+SAQcvKKNTEB0iSUwhGEU1sbG1yCX6Fc=
github.com/andrew-paterson/hugo-sundries v1.0.15/go.mod h1:II4VIEM/4zh+SAQcvKKNTEB0iSUwhGEU1sbG1yCX6Fc=
github.com/andrew-paterson/hugo-sundries v1.0.16/go.mod h1:II4VIEM/4zh+SAQcvKKNTEB0iSUwhGEU1sbG1yCX6Fc=
github.com/andrew-paterson/hugo-sundries v1.0.27 h1:Y8bIqSE7+Ibu8du0+232nU7Z9nCemcTZQXTE7cNv48w=
github.com/andrew-paterson/hugo-sundries v1.0.27/go.mod h1:II4VIEM/4zh+SAQcvKKNTEB0iSUwhGEU1sbG1yCX6Fc=
github.com/andrew-paterson/hugo-sundries v1.0.28/go.mod h1:II4VIEM/4zh+SAQcvKKNTEB0iSUwhGEU1sbG1yCX6Fc=
github.com/andrew-paterson/hugo-sundries v1.0.29/go.mod h1:II4VIEM/4zh+SAQcvKKNTEB0iSUwhGEU1sbG1yCX6Fc=
github.com/andrew-paterson/hugo-sundries v1.0.32/go.mod h1:II4VIEM/4zh+SAQcvKKNTEB0iSUwhGEU1sbG1yCX6Fc=
github.com/andrew-paterson/hugo-sundries v1.0.37/go.mod h1:II4VIEM/4zh+SAQcvKKNTEB0iSUwhGEU1sbG1yCX6Fc=
github.com/andrew-paterson/hugo-sundries v1.0.38/go.mod h1:II4VIEM/4zh+SAQcvKKNTEB0iSUwhGEU1sbG1yCX6Fc=
github.com/andrew-paterson/hugo-sundries v1.0.39/go.mod h1:II4VIEM/4zh+SAQcvKKNTEB0iSUwhGEU1sbG1yCX6Fc=
github.com/andrew-paterson/hugo-sundries v1.0.79/go.mod h1:II4VIEM/4zh+SAQcvKKNTEB0iSUwhGEU1sbG1yCX6Fc=
github.com/andrew-paterson/pandago v1.0.0/go.mod h1:ItDtI4AIJefHuic6EFcBFfy+hBN6EHN58IjoxR1keVY=
github.com/andrew-paterson/pandago v1.0.1/go.mod h1:Q6cBbsZ/XtIdKN+f6uRZ/Pt62kRvGgh4Qsw9+oaXhqs=
github.com/andrew-paterson/pandago v1.0.2/go.mod h1:IXIkNSkvOvGoIMacZ9Ruo6RmxcFoCfyrcZ7LhKtLsfs=
github.com/andrew-paterson/pandago v1.0.3/go.mod h1:puKeDR4cLFeCeKGISWdsX8Yj14lMt8pwlXXKiajvjVY=
github.com/andrew-paterson/pandago v1.0.12/go.mod h1:VAhEu4Ds1MWYYTBWfrjq/yzw0CcRFOPOdFFRrDlanIk=
github.com/andrew-paterson/pandago v1.0.13/go.mod h1:Tz1WMQX3oUP66TFLKoRgsRS3Hi8jV7RGtrLw/s0ua4s=
github.com/andrew-paterson/pandago v1.0.14/go.mod h1:FMKJ7meW1fcDaZdAEArMu0w5M9TkhErza7PG5wGSLQk=
github.com/andrew-paterson/pandago v1.0.15/go.mod h1:FMKJ7meW1fcDaZdAEArMu0w5M9TkhErza7PG5wGSLQk=
github.com/andrew-paterson/pandago v1.0.16/go.mod h1:zj7PEdoHvjjfsB7i7dYdvLavdmQGvljXMl0wOkLNlH4=
github.com/andrew-paterson/pandago v1.0.17/go.mod h1:zj7PEdoHvjjfsB7i7dYdvLavdmQGvljXMl0wOkLNlH4=
github.com/andrew-paterson/pandago v1.0.19/go.mod h1:uCOiYjdLOC5FBdFRz0bcKYSMKeScIAPbmeeRTgnHW5g=
github.com/andrew-paterson/pandago v1.0.34 h1:LakibqrBXNUN+15grdgXHzqLkg4HpjaQtkfq0cxEbac=
github.com/andrew-paterson/pandago v1.0.34/go.mod h1:BLhVLz0jZTc7r3oYADhENfmurpG2PTegQu+hXE951uw=
github.com/andrew-paterson/pandago v1.0.35 h1:1LiJpucPRaYyZj1YnelE2pRvITwnSM/Bd9zy7DYj7BE=
github.com/andrew-paterson/pandago v1.0.35/go.mod h1:BLhVLz0jZTc7r3oYADhENfmurpG2PTegQu+hXE951uw=
github.com/andrew-paterson/pandago v1.0.36/go.mod h1:0oohJpbnI3Qa1FpucJ/M2nEYC0NVbssOnR4l86Rr6mA=
github.com/andrew-paterson/pandago v1.0.37/go.mod h1:6pZPKLJAaNdn5czfNVaWDEUcp2jFLEonzmn4Q3GIclQ=
github.com/andrew-paterson/pandago v1.0.40 h1:y37zX48+CnZ6/C98UxVI88jBRv1+WDo9SJHtIL2ouCE=
github.com/andrew-paterson/pandago v1.0.40/go.mod h1:2oorXjks4nsQnkbMwxF/34iHpB2HlJKoY/DzsAxRVhk=
github.com/andrew-paterson/pandago v1.0.46 h1:2sA9MySwATfUo0+cGLUjl5RaHTSJLDYZ9MouDWE8xoQ=
github.com/andrew-paterson/pandago v1.0.46/go.mod h1:mHK+uLmvH3yfgLOTT+TZ1dOu8oelV0VNcBr4t9nNsG4=
github.com/andrew-paterson/pandago v1.0.47 h1:JFqkDdC7G7XargTSjKZ5Phapu70aQtB9SUyyOYB7fC4=
github.com/andrew-paterson/pandago v1.0.47/go.mod h1:+J4GFgX5ZwDvcHwagq/IgQscNhHLtHDBU3bdGha3jF8=
github.com/andrew-paterson/pandago v1.0.48 h1:fYkMaSyTr3gxwWWAwQx1nF5YR15G3NLKbylAiExW4/Y=
github.com/andrew-paterson/pandago v1.0.48/go.mod h1:QEGOnPLkR3jASsx5rqBlTL5DIb3TbNniwP9FaHBipOg=
github.com/andrew-paterson/pandago v1.0.103 h1:l1aMAD1ZEDjWVINaL3DdBr83SXwcn/x/pQRdVlScuWU=
github.com/andrew-paterson/pandago v1.0.103/go.mod h1:PSoizhItzWVYfcEAfw+iTPButFU4jJb9e55QUp2bWOo=
